{
  "name": "@runtime-type-inspector/runtime",
  "version": "4.0.2",
  "lockfileVersion": 2,
  "requires": true,
  "packages": {
    "": {
      "name": "@runtime-type-inspector/runtime",
      "version": "4.0.2",
      "license": "MIT",
      "dependencies": {
        "display-anything": "^1.2.0"
      }
    },
    "node_modules/display-anything": {
      "version": "1.2.0",
      "resolved": "https://registry.npmjs.org/display-anything/-/display-anything-1.2.0.tgz",
      "integrity": "sha512-QeMtc1JMjZWH0iswd9f0LBiphQUekYClPr5wve5d+QsdZ+UWOAjsdmrLDO1XxomlCL/vAhPY7PRgu5KVN4WdOQ=="
    }
  },
  "dependencies": {
    "display-anything": {
      "version": "1.2.0",
      "resolved": "https://registry.npmjs.org/display-anything/-/display-anything-1.2.0.tgz",
      "integrity": "sha512-QeMtc1JMjZWH0iswd9f0LBiphQUekYClPr5wve5d+QsdZ+UWOAjsdmrLDO1XxomlCL/vAhPY7PRgu5KVN4WdOQ=="
    }
  }
}
