{
  "name": "@runtime-type-inspector/runtime",
  "version": "5.0.5",
  "lockfileVersion": 2,
  "requires": true,
  "packages": {
    "": {
      "name": "@runtime-type-inspector/runtime",
      "version": "5.0.5",
      "license": "MIT",
      "dependencies": {
        "display-anything": "^1.2.1"
      }
    },
    "node_modules/display-anything": {
      "version": "1.2.1",
      "resolved": "https://registry.npmjs.org/display-anything/-/display-anything-1.2.1.tgz",
      "integrity": "sha512-RZ8b7B+Za4l+/QnbjgA5Y8l6w6wA+qVa7uEaA2aWhFZDcp3/MYmYqcAxcUfw26Azp4XWRWV+jCKXQrP/PeOwyg==",
      "license": "MIT"
    }
  },
  "dependencies": {
    "display-anything": {
      "version": "1.2.1",
      "resolved": "https://registry.npmjs.org/display-anything/-/display-anything-1.2.1.tgz",
      "integrity": "sha512-RZ8b7B+Za4l+/QnbjgA5Y8l6w6wA+qVa7uEaA2aWhFZDcp3/MYmYqcAxcUfw26Azp4XWRWV+jCKXQrP/PeOwyg=="
    }
  }
}
