{
  "name": "@runtime-type-inspector/transpiler",
  "version": "5.0.5",
  "lockfileVersion": 2,
  "requires": true,
  "packages": {
    "": {
      "name": "@runtime-type-inspector/transpiler",
      "version": "5.0.5",
      "license": "MIT",
      "dependencies": {
        "@babel/parser": "^7.23.0",
        "@runtime-type-inspector/runtime": "^5.0.5",
        "typescript": "^5.1.6"
      },
      "bin": {
        "transpiler": "transpiler.js",
        "ts2js": "ts2js.js"
      }
    },
    "node_modules/@babel/parser": {
      "version": "7.23.9",
      "resolved": "https://registry.npmjs.org/@babel/parser/-/parser-7.23.9.tgz",
      "integrity": "sha512-9tcKgqKbs3xGJ+NtKF2ndOBBLVwPjl1SHxPQkd36r3Dlirw3xWUeGaTbqr7uGZcTaxkVNwc+03SVP7aCdWrTlA==",
      "bin": {
        "parser": "bin/babel-parser.js"
      },
      "engines": {
        "node": ">=6.0.0"
      }
    },
    "node_modules/@runtime-type-inspector/runtime": {
      "version": "5.0.5",
      "resolved": "https://registry.npmjs.org/@runtime-type-inspector/runtime/-/runtime-5.0.5.tgz",
      "integrity": "sha512-0Rl/uXQadoYWSMkCcvsgoB0gcCZXPyVjhqbIyY4vgcPIKKNy7XbRcvw1JAHKnkEKrtp/7eWAQk0Giqjjt0W5Xw==",
      "license": "MIT",
      "dependencies": {
        "display-anything": "^1.2.1"
      }
    },
    "node_modules/display-anything": {
      "version": "1.2.1",
      "resolved": "https://registry.npmjs.org/display-anything/-/display-anything-1.2.1.tgz",
      "integrity": "sha512-RZ8b7B+Za4l+/QnbjgA5Y8l6w6wA+qVa7uEaA2aWhFZDcp3/MYmYqcAxcUfw26Azp4XWRWV+jCKXQrP/PeOwyg==",
      "license": "MIT"
    },
    "node_modules/typescript": {
      "version": "5.3.3",
      "resolved": "https://registry.npmjs.org/typescript/-/typescript-5.3.3.tgz",
      "integrity": "sha512-pXWcraxM0uxAS+tN0AG/BF2TyqmHO014Z070UsJ+pFvYuRSq8KH8DmWpnbXe0pEPDHXZV3FcAbJkijJ5oNEnWw==",
      "bin": {
        "tsc": "bin/tsc",
        "tsserver": "bin/tsserver"
      },
      "engines": {
        "node": ">=14.17"
      }
    }
  },
  "dependencies": {
    "@babel/parser": {
      "version": "7.23.9",
      "resolved": "https://registry.npmjs.org/@babel/parser/-/parser-7.23.9.tgz",
      "integrity": "sha512-9tcKgqKbs3xGJ+NtKF2ndOBBLVwPjl1SHxPQkd36r3Dlirw3xWUeGaTbqr7uGZcTaxkVNwc+03SVP7aCdWrTlA=="
    },
    "@runtime-type-inspector/runtime": {
      "version": "5.0.5",
      "resolved": "https://registry.npmjs.org/@runtime-type-inspector/runtime/-/runtime-5.0.5.tgz",
      "integrity": "sha512-0Rl/uXQadoYWSMkCcvsgoB0gcCZXPyVjhqbIyY4vgcPIKKNy7XbRcvw1JAHKnkEKrtp/7eWAQk0Giqjjt0W5Xw==",
      "requires": {
        "display-anything": "^1.2.1"
      }
    },
    "display-anything": {
      "version": "1.2.1",
      "resolved": "https://registry.npmjs.org/display-anything/-/display-anything-1.2.1.tgz",
      "integrity": "sha512-RZ8b7B+Za4l+/QnbjgA5Y8l6w6wA+qVa7uEaA2aWhFZDcp3/MYmYqcAxcUfw26Azp4XWRWV+jCKXQrP/PeOwyg=="
    },
    "typescript": {
      "version": "5.3.3",
      "resolved": "https://registry.npmjs.org/typescript/-/typescript-5.3.3.tgz",
      "integrity": "sha512-pXWcraxM0uxAS+tN0AG/BF2TyqmHO014Z070UsJ+pFvYuRSq8KH8DmWpnbXe0pEPDHXZV3FcAbJkijJ5oNEnWw=="
    }
  }
}
